
Microsoft Visual Studio Solution File, Format Version 12.00
# Visual Studio Version 16
VisualStudioVersion = 16.0.29519.87
MinimumVisualStudioVersion = 10.0.40219.1
Project("{9A19103F-16F7-4668-BE54-9A1E7A4F7556}") = "CrashBot.WebApi", "CrashBot.WebApi\CrashBot.WebApi.csproj", "{D88F0870-0A08-4094-8D8B-B0E64749DBA3}"
EndProject
Project("{9A19103F-16F7-4668-BE54-9A1E7A4F7556}") = "CrashBot.Model", "CrashBot.Model\CrashBot.Model.csproj", "{89C15C39-63BB-49C1-A88D-3C9ED515607C}"
EndProject
Project("{2150E333-8FDC-42A3-9474-1A3956D46DE8}") = "UI", "UI", "{FB3D91B6-031D-4538-A098-35A901B93C79}"
EndProject
Project("{FAE04EC0-301F-11D3-BF4B-00C04F79EFBC}") = "CrashBot.WinUI", "CrashBot.WinUI\CrashBot.WinUI.csproj", "{F84D8925-F0E7-4E96-9931-AAB76B14380C}"
EndProject
Project("{2150E333-8FDC-42A3-9474-1A3956D46DE8}") = "CrashBot.Mobile", "CrashBot.Mobile", "{9E9918FF-BBD8-44FE-BB05-9DF08EAB3869}"
EndProject
Project("{FAE04EC0-301F-11D3-BF4B-00C04F79EFBC}") = "CrashBot.MobileUI.UWP", "CrashBot.MobileUI\CrashBot.MobileUI.UWP\CrashBot.MobileUI.UWP.csproj", "{6DDAC3F1-5574-40D6-9AA7-E581CCE426BF}"
EndProject
Project("{FAE04EC0-301F-11D3-BF4B-00C04F79EFBC}") = "CrashBot.MobileUI.Android", "CrashBot.MobileUI\CrashBot.MobileUI.Android\CrashBot.MobileUI.Android.csproj", "{65D92553-47F8-449E-99F2-6B29888F62C7}"
EndProject
Project("{FAE04EC0-301F-11D3-BF4B-00C04F79EFBC}") = "CrashBot.MobileUI.iOS", "CrashBot.MobileUI\CrashBot.MobileUI.iOS\CrashBot.MobileUI.iOS.csproj", "{F3AF1761-34B4-4CC9-A7ED-3F2CD6B24449}"
EndProject
Project("{FAE04EC0-301F-11D3-BF4B-00C04F79EFBC}") = "CrashBot.MobileUI", "CrashBot.MobileUI\CrashBot.MobileUI\CrashBot.MobileUI.csproj", "{D02E4508-7E97-46B4-ABEB-EFD137B9F954}"
EndProject
Global
	GlobalSection(SolutionConfigurationPlatforms) = preSolution
		Debug|Any CPU = Debug|Any CPU
		Debug|ARM = Debug|ARM
		Debug|iPhone = Debug|iPhone
		Debug|iPhoneSimulator = Debug|iPhoneSimulator
		Debug|x64 = Debug|x64
		Debug|x86 = Debug|x86
		Release|Any CPU = Release|Any CPU
		Release|ARM = Release|ARM
		Release|iPhone = Release|iPhone
		Release|iPhoneSimulator = Release|iPhoneSimulator
		Release|x64 = Release|x64
		Release|x86 = Release|x86
	EndGlobalSection
	GlobalSection(ProjectConfigurationPlatforms) = postSolution
		{D88F0870-0A08-4094-8D8B-B0E64749DBA3}.Debug|Any CPU.ActiveCfg = Debug|Any CPU
		{D88F0870-0A08-4094-8D8B-B0E64749DBA3}.Debug|Any CPU.Build.0 = Debug|Any CPU
		{D88F0870-0A08-4094-8D8B-B0E64749DBA3}.Debug|ARM.ActiveCfg = Debug|Any CPU
		{D88F0870-0A08-4094-8D8B-B0E64749DBA3}.Debug|ARM.Build.0 = Debug|Any CPU
		{D88F0870-0A08-4094-8D8B-B0E64749DBA3}.Debug|iPhone.ActiveCfg = Debug|Any CPU
		{D88F0870-0A08-4094-8D8B-B0E64749DBA3}.Debug|iPhone.Build.0 = Debug|Any CPU
		{D88F0870-0A08-4094-8D8B-B0E64749DBA3}.Debug|iPhoneSimulator.ActiveCfg = Debug|Any CPU
		{D88F0870-0A08-4094-8D8B-B0E64749DBA3}.Debug|iPhoneSimulator.Build.0 = Debug|Any CPU
		{D88F0870-0A08-4094-8D8B-B0E64749DBA3}.Debug|x64.ActiveCfg = Debug|Any CPU
		{D88F0870-0A08-4094-8D8B-B0E64749DBA3}.Debug|x64.Build.0 = Debug|Any CPU
		{D88F0870-0A08-4094-8D8B-B0E64749DBA3}.Debug|x86.ActiveCfg = Debug|Any CPU
		{D88F0870-0A08-4094-8D8B-B0E64749DBA3}.Debug|x86.Build.0 = Debug|Any CPU
		{D88F0870-0A08-4094-8D8B-B0E64749DBA3}.Release|Any CPU.ActiveCfg = Release|Any CPU
		{D88F0870-0A08-4094-8D8B-B0E64749DBA3}.Release|Any CPU.Build.0 = Release|Any CPU
		{D88F0870-0A08-4094-8D8B-B0E64749DBA3}.Release|ARM.ActiveCfg = Release|Any CPU
		{D88F0870-0A08-4094-8D8B-B0E64749DBA3}.Release|ARM.Build.0 = Release|Any CPU
		{D88F0870-0A08-4094-8D8B-B0E64749DBA3}.Release|iPhone.ActiveCfg = Release|Any CPU
		{D88F0870-0A08-4094-8D8B-B0E64749DBA3}.Release|iPhone.Build.0 = Release|Any CPU
		{D88F0870-0A08-4094-8D8B-B0E64749DBA3}.Release|iPhoneSimulator.ActiveCfg = Release|Any CPU
		{D88F0870-0A08-4094-8D8B-B0E64749DBA3}.Release|iPhoneSimulator.Build.0 = Release|Any CPU
		{D88F0870-0A08-4094-8D8B-B0E64749DBA3}.Release|x64.ActiveCfg = Release|Any CPU
		{D88F0870-0A08-4094-8D8B-B0E64749DBA3}.Release|x64.Build.0 = Release|Any CPU
		{D88F0870-0A08-4094-8D8B-B0E64749DBA3}.Release|x86.ActiveCfg = Release|Any CPU
		{D88F0870-0A08-4094-8D8B-B0E64749DBA3}.Release|x86.Build.0 = Release|Any CPU
		{89C15C39-63BB-49C1-A88D-3C9ED515607C}.Debug|Any CPU.ActiveCfg = Debug|Any CPU
		{89C15C39-63BB-49C1-A88D-3C9ED515607C}.Debug|Any CPU.Build.0 = Debug|Any CPU
		{89C15C39-63BB-49C1-A88D-3C9ED515607C}.Debug|ARM.ActiveCfg = Debug|Any CPU
		{89C15C39-63BB-49C1-A88D-3C9ED515607C}.Debug|ARM.Build.0 = Debug|Any CPU
		{89C15C39-63BB-49C1-A88D-3C9ED515607C}.Debug|iPhone.ActiveCfg = Debug|Any CPU
		{89C15C39-63BB-49C1-A88D-3C9ED515607C}.Debug|iPhone.Build.0 = Debug|Any CPU
		{89C15C39-63BB-49C1-A88D-3C9ED515607C}.Debug|iPhoneSimulator.ActiveCfg = Debug|Any CPU
		{89C15C39-63BB-49C1-A88D-3C9ED515607C}.Debug|iPhoneSimulator.Build.0 = Debug|Any CPU
		{89C15C39-63BB-49C1-A88D-3C9ED515607C}.Debug|x64.ActiveCfg = Debug|Any CPU
		{89C15C39-63BB-49C1-A88D-3C9ED515607C}.Debug|x64.Build.0 = Debug|Any CPU
		{89C15C39-63BB-49C1-A88D-3C9ED515607C}.Debug|x86.ActiveCfg = Debug|Any CPU
		{89C15C39-63BB-49C1-A88D-3C9ED515607C}.Debug|x86.Build.0 = Debug|Any CPU
		{89C15C39-63BB-49C1-A88D-3C9ED515607C}.Release|Any CPU.ActiveCfg = Release|Any CPU
		{89C15C39-63BB-49C1-A88D-3C9ED515607C}.Release|Any CPU.Build.0 = Release|Any CPU
		{89C15C39-63BB-49C1-A88D-3C9ED515607C}.Release|ARM.ActiveCfg = Release|Any CPU
		{89C15C39-63BB-49C1-A88D-3C9ED515607C}.Release|ARM.Build.0 = Release|Any CPU
		{89C15C39-63BB-49C1-A88D-3C9ED515607C}.Release|iPhone.ActiveCfg = Release|Any CPU
		{89C15C39-63BB-49C1-A88D-3C9ED515607C}.Release|iPhone.Build.0 = Release|Any CPU
		{89C15C39-63BB-49C1-A88D-3C9ED515607C}.Release|iPhoneSimulator.ActiveCfg = Release|Any CPU
		{89C15C39-63BB-49C1-A88D-3C9ED515607C}.Release|iPhoneSimulator.Build.0 = Release|Any CPU
		{89C15C39-63BB-49C1-A88D-3C9ED515607C}.Release|x64.ActiveCfg = Release|Any CPU
		{89C15C39-63BB-49C1-A88D-3C9ED515607C}.Release|x64.Build.0 = Release|Any CPU
		{89C15C39-63BB-49C1-A88D-3C9ED515607C}.Release|x86.ActiveCfg = Release|Any CPU
		{89C15C39-63BB-49C1-A88D-3C9ED515607C}.Release|x86.Build.0 = Release|Any CPU
		{F84D8925-F0E7-4E96-9931-AAB76B14380C}.Debug|Any CPU.ActiveCfg = Debug|Any CPU
		{F84D8925-F0E7-4E96-9931-AAB76B14380C}.Debug|Any CPU.Build.0 = Debug|Any CPU
		{F84D8925-F0E7-4E96-9931-AAB76B14380C}.Debug|ARM.ActiveCfg = Debug|Any CPU
		{F84D8925-F0E7-4E96-9931-AAB76B14380C}.Debug|ARM.Build.0 = Debug|Any CPU
		{F84D8925-F0E7-4E96-9931-AAB76B14380C}.Debug|iPhone.ActiveCfg = Debug|Any CPU
		{F84D8925-F0E7-4E96-9931-AAB76B14380C}.Debug|iPhone.Build.0 = Debug|Any CPU
		{F84D8925-F0E7-4E96-9931-AAB76B14380C}.Debug|iPhoneSimulator.ActiveCfg = Debug|Any CPU
		{F84D8925-F0E7-4E96-9931-AAB76B14380C}.Debug|iPhoneSimulator.Build.0 = Debug|Any CPU
		{F84D8925-F0E7-4E96-9931-AAB76B14380C}.Debug|x64.ActiveCfg = Debug|Any CPU
		{F84D8925-F0E7-4E96-9931-AAB76B14380C}.Debug|x64.Build.0 = Debug|Any CPU
		{F84D8925-F0E7-4E96-9931-AAB76B14380C}.Debug|x86.ActiveCfg = Debug|Any CPU
		{F84D8925-F0E7-4E96-9931-AAB76B14380C}.Debug|x86.Build.0 = Debug|Any CPU
		{F84D8925-F0E7-4E96-9931-AAB76B14380C}.Release|Any CPU.ActiveCfg = Release|Any CPU
		{F84D8925-F0E7-4E96-9931-AAB76B14380C}.Release|Any CPU.Build.0 = Release|Any CPU
		{F84D8925-F0E7-4E96-9931-AAB76B14380C}.Release|ARM.ActiveCfg = Release|Any CPU
		{F84D8925-F0E7-4E96-9931-AAB76B14380C}.Release|ARM.Build.0 = Release|Any CPU
		{F84D8925-F0E7-4E96-9931-AAB76B14380C}.Release|iPhone.ActiveCfg = Release|Any CPU
		{F84D8925-F0E7-4E96-9931-AAB76B14380C}.Release|iPhone.Build.0 = Release|Any CPU
		{F84D8925-F0E7-4E96-9931-AAB76B14380C}.Release|iPhoneSimulator.ActiveCfg = Release|Any CPU
		{F84D8925-F0E7-4E96-9931-AAB76B14380C}.Release|iPhoneSimulator.Build.0 = Release|Any CPU
		{F84D8925-F0E7-4E96-9931-AAB76B14380C}.Release|x64.ActiveCfg = Release|Any CPU
		{F84D8925-F0E7-4E96-9931-AAB76B14380C}.Release|x64.Build.0 = Release|Any CPU
		{F84D8925-F0E7-4E96-9931-AAB76B14380C}.Release|x86.ActiveCfg = Release|Any CPU
		{F84D8925-F0E7-4E96-9931-AAB76B14380C}.Release|x86.Build.0 = Release|Any CPU
		{6DDAC3F1-5574-40D6-9AA7-E581CCE426BF}.Debug|Any CPU.ActiveCfg = Debug|x86
		{6DDAC3F1-5574-40D6-9AA7-E581CCE426BF}.Debug|ARM.ActiveCfg = Debug|ARM
		{6DDAC3F1-5574-40D6-9AA7-E581CCE426BF}.Debug|ARM.Build.0 = Debug|ARM
		{6DDAC3F1-5574-40D6-9AA7-E581CCE426BF}.Debug|ARM.Deploy.0 = Debug|ARM
		{6DDAC3F1-5574-40D6-9AA7-E581CCE426BF}.Debug|iPhone.ActiveCfg = Debug|x86
		{6DDAC3F1-5574-40D6-9AA7-E581CCE426BF}.Debug|iPhoneSimulator.ActiveCfg = Debug|x86
		{6DDAC3F1-5574-40D6-9AA7-E581CCE426BF}.Debug|x64.ActiveCfg = Debug|x64
		{6DDAC3F1-5574-40D6-9AA7-E581CCE426BF}.Debug|x64.Build.0 = Debug|x64
		{6DDAC3F1-5574-40D6-9AA7-E581CCE426BF}.Debug|x64.Deploy.0 = Debug|x64
		{6DDAC3F1-5574-40D6-9AA7-E581CCE426BF}.Debug|x86.ActiveCfg = Debug|x86
		{6DDAC3F1-5574-40D6-9AA7-E581CCE426BF}.Debug|x86.Build.0 = Debug|x86
		{6DDAC3F1-5574-40D6-9AA7-E581CCE426BF}.Debug|x86.Deploy.0 = Debug|x86
		{6DDAC3F1-5574-40D6-9AA7-E581CCE426BF}.Release|Any CPU.ActiveCfg = Release|x86
		{6DDAC3F1-5574-40D6-9AA7-E581CCE426BF}.Release|ARM.ActiveCfg = Release|ARM
		{6DDAC3F1-5574-40D6-9AA7-E581CCE426BF}.Release|ARM.Build.0 = Release|ARM
		{6DDAC3F1-5574-40D6-9AA7-E581CCE426BF}.Release|ARM.Deploy.0 = Release|ARM
		{6DDAC3F1-5574-40D6-9AA7-E581CCE426BF}.Release|iPhone.ActiveCfg = Release|x86
		{6DDAC3F1-5574-40D6-9AA7-E581CCE426BF}.Release|iPhoneSimulator.ActiveCfg = Release|x86
		{6DDAC3F1-5574-40D6-9AA7-E581CCE426BF}.Release|x64.ActiveCfg = Release|x64
		{6DDAC3F1-5574-40D6-9AA7-E581CCE426BF}.Release|x64.Build.0 = Release|x64
		{6DDAC3F1-5574-40D6-9AA7-E581CCE426BF}.Release|x64.Deploy.0 = Release|x64
		{6DDAC3F1-5574-40D6-9AA7-E581CCE426BF}.Release|x86.ActiveCfg = Release|x86
		{6DDAC3F1-5574-40D6-9AA7-E581CCE426BF}.Release|x86.Build.0 = Release|x86
		{6DDAC3F1-5574-40D6-9AA7-E581CCE426BF}.Release|x86.Deploy.0 = Release|x86
		{65D92553-47F8-449E-99F2-6B29888F62C7}.Debug|Any CPU.ActiveCfg = Debug|Any CPU
		{65D92553-47F8-449E-99F2-6B29888F62C7}.Debug|Any CPU.Build.0 = Debug|Any CPU
		{65D92553-47F8-449E-99F2-6B29888F62C7}.Debug|Any CPU.Deploy.0 = Debug|Any CPU
		{65D92553-47F8-449E-99F2-6B29888F62C7}.Debug|ARM.ActiveCfg = Debug|Any CPU
		{65D92553-47F8-449E-99F2-6B29888F62C7}.Debug|ARM.Build.0 = Debug|Any CPU
		{65D92553-47F8-449E-99F2-6B29888F62C7}.Debug|ARM.Deploy.0 = Debug|Any CPU
		{65D92553-47F8-449E-99F2-6B29888F62C7}.Debug|iPhone.ActiveCfg = Debug|Any CPU
		{65D92553-47F8-449E-99F2-6B29888F62C7}.Debug|iPhone.Build.0 = Debug|Any CPU
		{65D92553-47F8-449E-99F2-6B29888F62C7}.Debug|iPhone.Deploy.0 = Debug|Any CPU
		{65D92553-47F8-449E-99F2-6B29888F62C7}.Debug|iPhoneSimulator.ActiveCfg = Debug|Any CPU
		{65D92553-47F8-449E-99F2-6B29888F62C7}.Debug|iPhoneSimulator.Build.0 = Debug|Any CPU
		{65D92553-47F8-449E-99F2-6B29888F62C7}.Debug|iPhoneSimulator.Deploy.0 = Debug|Any CPU
		{65D92553-47F8-449E-99F2-6B29888F62C7}.Debug|x64.ActiveCfg = Debug|Any CPU
		{65D92553-47F8-449E-99F2-6B29888F62C7}.Debug|x64.Build.0 = Debug|Any CPU
		{65D92553-47F8-449E-99F2-6B29888F62C7}.Debug|x64.Deploy.0 = Debug|Any CPU
		{65D92553-47F8-449E-99F2-6B29888F62C7}.Debug|x86.ActiveCfg = Debug|Any CPU
		{65D92553-47F8-449E-99F2-6B29888F62C7}.Debug|x86.Build.0 = Debug|Any CPU
		{65D92553-47F8-449E-99F2-6B29888F62C7}.Debug|x86.Deploy.0 = Debug|Any CPU
		{65D92553-47F8-449E-99F2-6B29888F62C7}.Release|Any CPU.ActiveCfg = Release|Any CPU
		{65D92553-47F8-449E-99F2-6B29888F62C7}.Release|Any CPU.Build.0 = Release|Any CPU
		{65D92553-47F8-449E-99F2-6B29888F62C7}.Release|Any CPU.Deploy.0 = Release|Any CPU
		{65D92553-47F8-449E-99F2-6B29888F62C7}.Release|ARM.ActiveCfg = Release|Any CPU
		{65D92553-47F8-449E-99F2-6B29888F62C7}.Release|ARM.Build.0 = Release|Any CPU
		{65D92553-47F8-449E-99F2-6B29888F62C7}.Release|ARM.Deploy.0 = Release|Any CPU
		{65D92553-47F8-449E-99F2-6B29888F62C7}.Release|iPhone.ActiveCfg = Release|Any CPU
		{65D92553-47F8-449E-99F2-6B29888F62C7}.Release|iPhone.Build.0 = Release|Any CPU
		{65D92553-47F8-449E-99F2-6B29888F62C7}.Release|iPhone.Deploy.0 = Release|Any CPU
		{65D92553-47F8-449E-99F2-6B29888F62C7}.Release|iPhoneSimulator.ActiveCfg = Release|Any CPU
		{65D92553-47F8-449E-99F2-6B29888F62C7}.Release|iPhoneSimulator.Build.0 = Release|Any CPU
		{65D92553-47F8-449E-99F2-6B29888F62C7}.Release|iPhoneSimulator.Deploy.0 = Release|Any CPU
		{65D92553-47F8-449E-99F2-6B29888F62C7}.Release|x64.ActiveCfg = Release|Any CPU
		{65D92553-47F8-449E-99F2-6B29888F62C7}.Release|x64.Build.0 = Release|Any CPU
		{65D92553-47F8-449E-99F2-6B29888F62C7}.Release|x64.Deploy.0 = Release|Any CPU
		{65D92553-47F8-449E-99F2-6B29888F62C7}.Release|x86.ActiveCfg = Release|Any CPU
		{65D92553-47F8-449E-99F2-6B29888F62C7}.Release|x86.Build.0 = Release|Any CPU
		{65D92553-47F8-449E-99F2-6B29888F62C7}.Release|x86.Deploy.0 = Release|Any CPU
		{F3AF1761-34B4-4CC9-A7ED-3F2CD6B24449}.Debug|Any CPU.ActiveCfg = Debug|iPhone
		{F3AF1761-34B4-4CC9-A7ED-3F2CD6B24449}.Debug|ARM.ActiveCfg = Debug|iPhone
		{F3AF1761-34B4-4CC9-A7ED-3F2CD6B24449}.Debug|iPhone.ActiveCfg = Debug|iPhone
		{F3AF1761-34B4-4CC9-A7ED-3F2CD6B24449}.Debug|iPhone.Build.0 = Debug|iPhone
		{F3AF1761-34B4-4CC9-A7ED-3F2CD6B24449}.Debug|iPhoneSimulator.ActiveCfg = Debug|iPhoneSimulator
		{F3AF1761-34B4-4CC9-A7ED-3F2CD6B24449}.Debug|iPhoneSimulator.Build.0 = Debug|iPhoneSimulator
		{F3AF1761-34B4-4CC9-A7ED-3F2CD6B24449}.Debug|x64.ActiveCfg = Debug|iPhone
		{F3AF1761-34B4-4CC9-A7ED-3F2CD6B24449}.Debug|x86.ActiveCfg = Debug|iPhone
		{F3AF1761-34B4-4CC9-A7ED-3F2CD6B24449}.Release|Any CPU.ActiveCfg = Release|iPhone
		{F3AF1761-34B4-4CC9-A7ED-3F2CD6B24449}.Release|ARM.ActiveCfg = Release|iPhone
		{F3AF1761-34B4-4CC9-A7ED-3F2CD6B24449}.Release|iPhone.ActiveCfg = Release|iPhone
		{F3AF1761-34B4-4CC9-A7ED-3F2CD6B24449}.Release|iPhone.Build.0 = Release|iPhone
		{F3AF1761-34B4-4CC9-A7ED-3F2CD6B24449}.Release|iPhoneSimulator.ActiveCfg = Release|iPhoneSimulator
		{F3AF1761-34B4-4CC9-A7ED-3F2CD6B24449}.Release|iPhoneSimulator.Build.0 = Release|iPhoneSimulator
		{F3AF1761-34B4-4CC9-A7ED-3F2CD6B24449}.Release|x64.ActiveCfg = Release|iPhone
		{F3AF1761-34B4-4CC9-A7ED-3F2CD6B24449}.Release|x86.ActiveCfg = Release|iPhone
		{D02E4508-7E97-46B4-ABEB-EFD137B9F954}.Debug|Any CPU.ActiveCfg = Debug|Any CPU
		{D02E4508-7E97-46B4-ABEB-EFD137B9F954}.Debug|Any CPU.Build.0 = Debug|Any CPU
		{D02E4508-7E97-46B4-ABEB-EFD137B9F954}.Debug|ARM.ActiveCfg = Debug|Any CPU
		{D02E4508-7E97-46B4-ABEB-EFD137B9F954}.Debug|ARM.Build.0 = Debug|Any CPU
		{D02E4508-7E97-46B4-ABEB-EFD137B9F954}.Debug|iPhone.ActiveCfg = Debug|Any CPU
		{D02E4508-7E97-46B4-ABEB-EFD137B9F954}.Debug|iPhone.Build.0 = Debug|Any CPU
		{D02E4508-7E97-46B4-ABEB-EFD137B9F954}.Debug|iPhoneSimulator.ActiveCfg = Debug|Any CPU
		{D02E4508-7E97-46B4-ABEB-EFD137B9F954}.Debug|iPhoneSimulator.Build.0 = Debug|Any CPU
		{D02E4508-7E97-46B4-ABEB-EFD137B9F954}.Debug|x64.ActiveCfg = Debug|Any CPU
		{D02E4508-7E97-46B4-ABEB-EFD137B9F954}.Debug|x64.Build.0 = Debug|Any CPU
		{D02E4508-7E97-46B4-ABEB-EFD137B9F954}.Debug|x86.ActiveCfg = Debug|Any CPU
		{D02E4508-7E97-46B4-ABEB-EFD137B9F954}.Debug|x86.Build.0 = Debug|Any CPU
		{D02E4508-7E97-46B4-ABEB-EFD137B9F954}.Release|Any CPU.ActiveCfg = Release|Any CPU
		{D02E4508-7E97-46B4-ABEB-EFD137B9F954}.Release|Any CPU.Build.0 = Release|Any CPU
		{D02E4508-7E97-46B4-ABEB-EFD137B9F954}.Release|ARM.ActiveCfg = Release|Any CPU
		{D02E4508-7E97-46B4-ABEB-EFD137B9F954}.Release|ARM.Build.0 = Release|Any CPU
		{D02E4508-7E97-46B4-ABEB-EFD137B9F954}.Release|iPhone.ActiveCfg = Release|Any CPU
		{D02E4508-7E97-46B4-ABEB-EFD137B9F954}.Release|iPhone.Build.0 = Release|Any CPU
		{D02E4508-7E97-46B4-ABEB-EFD137B9F954}.Release|iPhoneSimulator.ActiveCfg = Release|Any CPU
		{D02E4508-7E97-46B4-ABEB-EFD137B9F954}.Release|iPhoneSimulator.Build.0 = Release|Any CPU
		{D02E4508-7E97-46B4-ABEB-EFD137B9F954}.Release|x64.ActiveCfg = Release|Any CPU
		{D02E4508-7E97-46B4-ABEB-EFD137B9F954}.Release|x64.Build.0 = Release|Any CPU
		{D02E4508-7E97-46B4-ABEB-EFD137B9F954}.Release|x86.ActiveCfg = Release|Any CPU
		{D02E4508-7E97-46B4-ABEB-EFD137B9F954}.Release|x86.Build.0 = Release|Any CPU
	EndGlobalSection
	GlobalSection(SolutionProperties) = preSolution
		HideSolutionNode = FALSE
	EndGlobalSection
	GlobalSection(NestedProjects) = preSolution
		{F84D8925-F0E7-4E96-9931-AAB76B14380C} = {FB3D91B6-031D-4538-A098-35A901B93C79}
		{9E9918FF-BBD8-44FE-BB05-9DF08EAB3869} = {FB3D91B6-031D-4538-A098-35A901B93C79}
		{6DDAC3F1-5574-40D6-9AA7-E581CCE426BF} = {9E9918FF-BBD8-44FE-BB05-9DF08EAB3869}
		{65D92553-47F8-449E-99F2-6B29888F62C7} = {9E9918FF-BBD8-44FE-BB05-9DF08EAB3869}
		{F3AF1761-34B4-4CC9-A7ED-3F2CD6B24449} = {9E9918FF-BBD8-44FE-BB05-9DF08EAB3869}
		{D02E4508-7E97-46B4-ABEB-EFD137B9F954} = {9E9918FF-BBD8-44FE-BB05-9DF08EAB3869}
	EndGlobalSection
	GlobalSection(ExtensibilityGlobals) = postSolution
		SolutionGuid = {22BA6D1B-A0C5-467B-88EC-9636D61CFD83}
	EndGlobalSection
EndGlobal
